
Microsoft Visual Studio Solution File, Format Version 12.00
# Visual Studio Version 16
VisualStudioVersion = 16.0.30309.148
MinimumVisualStudioVersion = 10.0.40219.1
Project("{FAE04EC0-301F-11D3-BF4B-00C04F79EFBC}") = "ToyStore-3(bs)", "..\ToyStore-3(bs)\ToyStore-3(bs).csproj", "{4F553DD0-C207-41B0-BCEC-60D2DA57B77D}"
EndProject
Global
	GlobalSection(SolutionConfigurationPlatforms) = preSolution
		Debug|Any CPU = Debug|Any CPU
		Release|Any CPU = Release|Any CPU
	EndGlobalSection
	GlobalSection(ProjectConfigurationPlatforms) = postSolution
		{4F553DD0-C207-41B0-BCEC-60D2DA57B77D}.Debug|Any CPU.ActiveCfg = Debug|Any CPU
		{4F553DD0-C207-41B0-BCEC-60D2DA57B77D}.Debug|Any CPU.Build.0 = Debug|Any CPU
		{4F553DD0-C207-41B0-BCEC-60D2DA57B77D}.Release|Any CPU.ActiveCfg = Release|Any CPU
		{4F553DD0-C207-41B0-BCEC-60D2DA57B77D}.Release|Any CPU.Build.0 = Release|Any CPU
	EndGlobalSection
	GlobalSection(SolutionProperties) = preSolution
		HideSolutionNode = FALSE
	EndGlobalSection
	GlobalSection(ExtensibilityGlobals) = postSolution
		SolutionGuid = {32594723-E42A-444E-B629-F1FBD58007B5}
	EndGlobalSection
EndGlobal
